{
  "version": 4,
  "terraform_version": "1.12.1",
  "serial": 277,
  "lineage": "fa3a0bec-730c-0184-5ca2-0509d80b406c",
  "outputs": {
    "backend_instance_id": {
      "value": "i-0e5d79989d7b17881",
      "type": "string"
    },
    "backend_public_dns": {
      "value": "ec2-15-237-76-235.eu-west-3.compute.amazonaws.com",
      "type": "string"
    },
    "backend_public_ip": {
      "value": "15.237.76.235",
      "type": "string"
    },
    "backend_security_group_id": {
      "value": "sg-0a1868962b3c422ba",
      "type": "string"
    },
    "database_instance_id": {
      "value": "i-0ea28bc36a734426c",
      "type": "string"
    },
    "database_public_dns": {
      "value": "ec2-35-180-223-106.eu-west-3.compute.amazonaws.com",
      "type": "string"
    },
    "database_public_ip": {
      "value": "35.180.223.106",
      "type": "string"
    },
    "frontend_instance_id": {
      "value": "i-06fc0ac3395d50f49",
      "type": "string"
    },
    "frontend_public_dns": {
      "value": "ec2-35-180-185-127.eu-west-3.compute.amazonaws.com",
      "type": "string"
    },
    "frontend_public_ip": {
      "value": "35.180.185.127",
      "type": "string"
    },
    "frontend_security_group_id": {
      "value": "sg-0882da11bdd639624",
      "type": "string"
    },
    "internet_gateway_id": {
      "value": "igw-0fcef8805e4c86486",
      "type": "string"
    },
    "public_subnet_id": {
      "value": "subnet-01525c56180f52ed3",
      "type": "string"
    },
    "vpc_id": {
      "value": "vpc-0275e78cb8777bfd8",
      "type": "string"
    }
  },
  "resources": [
    {
      "mode": "data",
      "type": "aws_ami",
      "name": "amazon_linux_2",
      "provider": "provider[\"registry.terraform.io/hashicorp/aws\"]",
      "instances": [
        {
          "schema_version": 0,
          "attributes": {
            "architecture": "x86_64",
            "arn": "arn:aws:ec2:eu-west-3::image/ami-091119e7f2d3f9482",
            "block_device_mappings": [
              {
                "device_name": "/dev/xvda",
                "ebs": {
                  "delete_on_termination": "true",
                  "encrypted": "false",
                  "iops": "0",
                  "snapshot_id": "snap-0780672b854f87891",
                  "throughput": "0",
                  "volume_size": "8",
                  "volume_type": "gp2"
                },
                "no_device": "",
                "virtual_name": ""
              }
            ],
            "boot_mode": "",
            "creation_date": "2025-06-20T08:42:14.000Z",
            "deprecation_time": "2025-09-18T08:42:00.000Z",
            "description": "Amazon Linux 2 AMI 2.0.20250623.0 x86_64 HVM gp2",
            "ena_support": true,
            "executable_users": null,
            "filter": [
              {
                "name": "name",
                "values": [
                  "amzn2-ami-hvm-*-x86_64-gp2"
                ]
              },
              {
                "name": "virtualization-type",
                "values": [
                  "hvm"
                ]
              }
            ],
            "hypervisor": "xen",
            "id": "ami-091119e7f2d3f9482",
            "image_id": "ami-091119e7f2d3f9482",
            "image_location": "amazon/amzn2-ami-hvm-2.0.20250623.0-x86_64-gp2",
            "image_owner_alias": "amazon",
            "image_type": "machine",
            "imds_support": "",
            "include_deprecated": false,
            "kernel_id": "",
            "most_recent": true,
            "name": "amzn2-ami-hvm-2.0.20250623.0-x86_64-gp2",
            "name_regex": null,
            "owner_id": "137112412989",
            "owners": [
              "amazon"
            ],
            "platform": "",
            "platform_details": "Linux/UNIX",
            "product_codes": [],
            "public": true,
            "ramdisk_id": "",
            "root_device_name": "/dev/xvda",
            "root_device_type": "ebs",
            "root_snapshot_id": "snap-0780672b854f87891",
            "sriov_net_support": "simple",
            "state": "available",
            "state_reason": {
              "code": "UNSET",
              "message": "UNSET"
            },
            "tags": {},
            "timeouts": null,
            "tpm_support": "",
            "usage_operation": "RunInstances",
            "virtualization_type": "hvm"
          },
          "sensitive_attributes": [],
          "identity_schema_version": 0
        }
      ]
    },
    {
      "mode": "managed",
      "type": "aws_eip",
      "name": "backend",
      "provider": "provider[\"registry.terraform.io/hashicorp/aws\"]",
      "instances": [
        {
          "schema_version": 0,
          "attributes": {
            "address": null,
            "allocation_id": "eipalloc-00e68bcebdf5f070a",
            "associate_with_private_ip": null,
            "association_id": "eipassoc-07d9d5c63dfb6577f",
            "carrier_ip": "",
            "customer_owned_ip": "",
            "customer_owned_ipv4_pool": "",
            "domain": "vpc",
            "id": "eipalloc-00e68bcebdf5f070a",
            "instance": "i-0e5d79989d7b17881",
            "network_border_group": "eu-west-3",
            "network_interface": "eni-064f3022f677a3575",
            "private_dns": "ip-10-0-1-84.eu-west-3.compute.internal",
            "private_ip": "10.0.1.84",
            "public_dns": "ec2-15-237-76-235.eu-west-3.compute.amazonaws.com",
            "public_ip": "15.237.76.235",
            "public_ipv4_pool": "amazon",
            "tags": {
              "Environment": "Development",
              "ManagedBy": "Terraform",
              "Name": "devops-project-backend-eip",
              "Project": "DevOps-Project"
            },
            "tags_all": {
              "Environment": "Development",
              "ManagedBy": "Terraform",
              "Name": "devops-project-backend-eip",
              "Project": "DevOps-Project"
            },
            "timeouts": null,
            "vpc": true
          },
          "sensitive_attributes": [],
          "identity_schema_version": 0,
          "private": "eyJlMmJmYjczMC1lY2FhLTExZTYtOGY4OC0zNDM2M2JjN2M0YzAiOnsiZGVsZXRlIjoxODAwMDAwMDAwMDAsInJlYWQiOjkwMDAwMDAwMDAwMCwidXBkYXRlIjozMDAwMDAwMDAwMDB9fQ==",
          "dependencies": [
            "aws_instance.backend",
            "aws_internet_gateway.igw",
            "aws_key_pair.generated_key",
            "aws_security_group.backend",
            "aws_subnet.public",
            "aws_vpc.main",
            "data.aws_ami.amazon_linux_2",
            "tls_private_key.ssh_key"
          ]
        }
      ]
    },
    {
      "mode": "managed",
      "type": "aws_eip",
      "name": "database",
      "provider": "provider[\"registry.terraform.io/hashicorp/aws\"]",
      "instances": [
        {
          "schema_version": 0,
          "attributes": {
            "address": null,
            "allocation_id": "eipalloc-0762356ae84a7d1ad",
            "associate_with_private_ip": null,
            "association_id": "eipassoc-04893b54abe5501ce",
            "carrier_ip": "",
            "customer_owned_ip": "",
            "customer_owned_ipv4_pool": "",
            "domain": "vpc",
            "id": "eipalloc-0762356ae84a7d1ad",
            "instance": "i-0ea28bc36a734426c",
            "network_border_group": "eu-west-3",
            "network_interface": "eni-08f0683b97a2ef395",
            "private_dns": "ip-10-0-1-244.eu-west-3.compute.internal",
            "private_ip": "10.0.1.244",
            "public_dns": "ec2-35-180-223-106.eu-west-3.compute.amazonaws.com",
            "public_ip": "35.180.223.106",
            "public_ipv4_pool": "amazon",
            "tags": {
              "Environment": "Development",
              "ManagedBy": "Terraform",
              "Name": "devops-project-database-eip",
              "Project": "DevOps-Project"
            },
            "tags_all": {
              "Environment": "Development",
              "ManagedBy": "Terraform",
              "Name": "devops-project-database-eip",
              "Project": "DevOps-Project"
            },
            "timeouts": null,
            "vpc": true
          },
          "sensitive_attributes": [],
          "identity_schema_version": 0,
          "private": "eyJlMmJmYjczMC1lY2FhLTExZTYtOGY4OC0zNDM2M2JjN2M0YzAiOnsiZGVsZXRlIjoxODAwMDAwMDAwMDAsInJlYWQiOjkwMDAwMDAwMDAwMCwidXBkYXRlIjozMDAwMDAwMDAwMDB9fQ==",
          "dependencies": [
            "aws_instance.database",
            "aws_internet_gateway.igw",
            "aws_key_pair.generated_key",
            "aws_security_group.database",
            "aws_subnet.public",
            "aws_vpc.main",
            "data.aws_ami.amazon_linux_2",
            "tls_private_key.ssh_key"
          ]
        }
      ]
    },
    {
      "mode": "managed",
      "type": "aws_eip",
      "name": "frontend",
      "provider": "provider[\"registry.terraform.io/hashicorp/aws\"]",
      "instances": [
        {
          "schema_version": 0,
          "attributes": {
            "address": null,
            "allocation_id": "eipalloc-0681e058ad7807098",
            "associate_with_private_ip": null,
            "association_id": "eipassoc-034c491e38db2367f",
            "carrier_ip": "",
            "customer_owned_ip": "",
            "customer_owned_ipv4_pool": "",
            "domain": "vpc",
            "id": "eipalloc-0681e058ad7807098",
            "instance": "i-06fc0ac3395d50f49",
            "network_border_group": "eu-west-3",
            "network_interface": "eni-0471b113af6a6dca3",
            "private_dns": "ip-10-0-1-59.eu-west-3.compute.internal",
            "private_ip": "10.0.1.59",
            "public_dns": "ec2-35-180-185-127.eu-west-3.compute.amazonaws.com",
            "public_ip": "35.180.185.127",
            "public_ipv4_pool": "amazon",
            "tags": {
              "Environment": "Development",
              "ManagedBy": "Terraform",
              "Name": "devops-project-frontend-eip",
              "Project": "DevOps-Project"
            },
            "tags_all": {
              "Environment": "Development",
              "ManagedBy": "Terraform",
              "Name": "devops-project-frontend-eip",
              "Project": "DevOps-Project"
            },
            "timeouts": null,
            "vpc": true
          },
          "sensitive_attributes": [],
          "identity_schema_version": 0,
          "private": "eyJlMmJmYjczMC1lY2FhLTExZTYtOGY4OC0zNDM2M2JjN2M0YzAiOnsiZGVsZXRlIjoxODAwMDAwMDAwMDAsInJlYWQiOjkwMDAwMDAwMDAwMCwidXBkYXRlIjozMDAwMDAwMDAwMDB9fQ==",
          "dependencies": [
            "aws_instance.frontend",
            "aws_internet_gateway.igw",
            "aws_key_pair.generated_key",
            "aws_security_group.frontend",
            "aws_subnet.public",
            "aws_vpc.main",
            "data.aws_ami.amazon_linux_2",
            "tls_private_key.ssh_key"
          ]
        }
      ]
    },
    {
      "mode": "managed",
      "type": "aws_instance",
      "name": "backend",
      "provider": "provider[\"registry.terraform.io/hashicorp/aws\"]",
      "instances": [
        {
          "schema_version": 1,
          "attributes": {
            "ami": "ami-091119e7f2d3f9482",
            "arn": "arn:aws:ec2:eu-west-3:537467926748:instance/i-0e5d79989d7b17881",
            "associate_public_ip_address": true,
            "availability_zone": "eu-west-3a",
            "capacity_reservation_specification": [
              {
                "capacity_reservation_preference": "open",
                "capacity_reservation_target": []
              }
            ],
            "cpu_core_count": 1,
            "cpu_options": [
              {
                "amd_sev_snp": "",
                "core_count": 1,
                "threads_per_core": 1
              }
            ],
            "cpu_threads_per_core": 1,
            "credit_specification": [
              {
                "cpu_credits": "standard"
              }
            ],
            "disable_api_stop": false,
            "disable_api_termination": false,
            "ebs_block_device": [],
            "ebs_optimized": false,
            "enclave_options": [
              {
                "enabled": false
              }
            ],
            "ephemeral_block_device": [],
            "get_password_data": false,
            "hibernation": false,
            "host_id": "",
            "host_resource_group_arn": null,
            "iam_instance_profile": "",
            "id": "i-0e5d79989d7b17881",
            "instance_initiated_shutdown_behavior": "stop",
            "instance_state": "running",
            "instance_type": "t2.micro",
            "ipv6_address_count": 0,
            "ipv6_addresses": [],
            "key_name": "generated-ssh-key",
            "launch_template": [],
            "maintenance_options": [
              {
                "auto_recovery": "default"
              }
            ],
            "metadata_options": [
              {
                "http_endpoint": "enabled",
                "http_put_response_hop_limit": 1,
                "http_tokens": "optional",
                "instance_metadata_tags": "disabled"
              }
            ],
            "monitoring": false,
            "network_interface": [],
            "outpost_arn": "",
            "password_data": "",
            "placement_group": "",
            "placement_partition_number": 0,
            "primary_network_interface_id": "eni-064f3022f677a3575",
            "private_dns": "ip-10-0-1-84.eu-west-3.compute.internal",
            "private_dns_name_options": [
              {
                "enable_resource_name_dns_a_record": false,
                "enable_resource_name_dns_aaaa_record": false,
                "hostname_type": "ip-name"
              }
            ],
            "private_ip": "10.0.1.84",
            "public_dns": "ec2-13-38-77-120.eu-west-3.compute.amazonaws.com",
            "public_ip": "13.38.77.120",
            "root_block_device": [
              {
                "delete_on_termination": true,
                "device_name": "/dev/xvda",
                "encrypted": false,
                "iops": 100,
                "kms_key_id": "",
                "tags": {},
                "throughput": 0,
                "volume_id": "vol-017a1544909d568f0",
                "volume_size": 8,
                "volume_type": "gp2"
              }
            ],
            "secondary_private_ips": [],
            "security_groups": [],
            "source_dest_check": true,
            "subnet_id": "subnet-01525c56180f52ed3",
            "tags": {
              "Environment": "Development",
              "ManagedBy": "Terraform",
              "Name": "devops-project-backend",
              "Project": "DevOps-Project"
            },
            "tags_all": {
              "Environment": "Development",
              "ManagedBy": "Terraform",
              "Name": "devops-project-backend",
              "Project": "DevOps-Project"
            },
            "tenancy": "default",
            "timeouts": null,
            "user_data": "bce66b8d9de4040d3bddf9a41abe126d408a4f08",
            "user_data_base64": null,
            "user_data_replace_on_change": false,
            "volume_tags": null,
            "vpc_security_group_ids": [
              "sg-0a1868962b3c422ba"
            ]
          },
          "sensitive_attributes": [],
          "identity_schema_version": 0,
          "private": "eyJlMmJmYjczMC1lY2FhLTExZTYtOGY4OC0zNDM2M2JjN2M0YzAiOnsiY3JlYXRlIjo2MDAwMDAwMDAwMDAsImRlbGV0ZSI6MTIwMDAwMDAwMDAwMCwidXBkYXRlIjo2MDAwMDAwMDAwMDB9LCJzY2hlbWFfdmVyc2lvbiI6IjEifQ==",
          "dependencies": [
            "aws_internet_gateway.igw",
            "aws_key_pair.generated_key",
            "aws_security_group.backend",
            "aws_subnet.public",
            "aws_vpc.main",
            "data.aws_ami.amazon_linux_2",
            "tls_private_key.ssh_key"
          ]
        }
      ]
    },
    {
      "mode": "managed",
      "type": "aws_instance",
      "name": "database",
      "provider": "provider[\"registry.terraform.io/hashicorp/aws\"]",
      "instances": [
        {
          "schema_version": 1,
          "attributes": {
            "ami": "ami-091119e7f2d3f9482",
            "arn": "arn:aws:ec2:eu-west-3:537467926748:instance/i-0ea28bc36a734426c",
            "associate_public_ip_address": true,
            "availability_zone": "eu-west-3a",
            "capacity_reservation_specification": [
              {
                "capacity_reservation_preference": "open",
                "capacity_reservation_target": []
              }
            ],
            "cpu_core_count": 1,
            "cpu_options": [
              {
                "amd_sev_snp": "",
                "core_count": 1,
                "threads_per_core": 1
              }
            ],
            "cpu_threads_per_core": 1,
            "credit_specification": [
              {
                "cpu_credits": "standard"
              }
            ],
            "disable_api_stop": false,
            "disable_api_termination": false,
            "ebs_block_device": [],
            "ebs_optimized": false,
            "enclave_options": [
              {
                "enabled": false
              }
            ],
            "ephemeral_block_device": [],
            "get_password_data": false,
            "hibernation": false,
            "host_id": "",
            "host_resource_group_arn": null,
            "iam_instance_profile": "",
            "id": "i-0ea28bc36a734426c",
            "instance_initiated_shutdown_behavior": "stop",
            "instance_state": "running",
            "instance_type": "t2.micro",
            "ipv6_address_count": 0,
            "ipv6_addresses": [],
            "key_name": "generated-ssh-key",
            "launch_template": [],
            "maintenance_options": [
              {
                "auto_recovery": "default"
              }
            ],
            "metadata_options": [
              {
                "http_endpoint": "enabled",
                "http_put_response_hop_limit": 1,
                "http_tokens": "optional",
                "instance_metadata_tags": "disabled"
              }
            ],
            "monitoring": false,
            "network_interface": [],
            "outpost_arn": "",
            "password_data": "",
            "placement_group": "",
            "placement_partition_number": 0,
            "primary_network_interface_id": "eni-08f0683b97a2ef395",
            "private_dns": "ip-10-0-1-244.eu-west-3.compute.internal",
            "private_dns_name_options": [
              {
                "enable_resource_name_dns_a_record": false,
                "enable_resource_name_dns_aaaa_record": false,
                "hostname_type": "ip-name"
              }
            ],
            "private_ip": "10.0.1.244",
            "public_dns": "ec2-51-44-179-64.eu-west-3.compute.amazonaws.com",
            "public_ip": "51.44.179.64",
            "root_block_device": [
              {
                "delete_on_termination": true,
                "device_name": "/dev/xvda",
                "encrypted": false,
                "iops": 100,
                "kms_key_id": "",
                "tags": {},
                "throughput": 0,
                "volume_id": "vol-079a7116d4eb2b643",
                "volume_size": 8,
                "volume_type": "gp2"
              }
            ],
            "secondary_private_ips": [],
            "security_groups": [],
            "source_dest_check": true,
            "subnet_id": "subnet-01525c56180f52ed3",
            "tags": {
              "Environment": "Development",
              "ManagedBy": "Terraform",
              "Name": "devops-project-database",
              "Project": "DevOps-Project"
            },
            "tags_all": {
              "Environment": "Development",
              "ManagedBy": "Terraform",
              "Name": "devops-project-database",
              "Project": "DevOps-Project"
            },
            "tenancy": "default",
            "timeouts": null,
            "user_data": "05137c6444cc9eb84d653b6d1154593fd066d8cf",
            "user_data_base64": null,
            "user_data_replace_on_change": false,
            "volume_tags": null,
            "vpc_security_group_ids": [
              "sg-0af7b366bd0abf30e"
            ]
          },
          "sensitive_attributes": [],
          "identity_schema_version": 0,
          "private": "eyJlMmJmYjczMC1lY2FhLTExZTYtOGY4OC0zNDM2M2JjN2M0YzAiOnsiY3JlYXRlIjo2MDAwMDAwMDAwMDAsImRlbGV0ZSI6MTIwMDAwMDAwMDAwMCwidXBkYXRlIjo2MDAwMDAwMDAwMDB9LCJzY2hlbWFfdmVyc2lvbiI6IjEifQ==",
          "dependencies": [
            "aws_internet_gateway.igw",
            "aws_key_pair.generated_key",
            "aws_security_group.database",
            "aws_subnet.public",
            "aws_vpc.main",
            "data.aws_ami.amazon_linux_2",
            "tls_private_key.ssh_key"
          ]
        }
      ]
    },
    {
      "mode": "managed",
      "type": "aws_instance",
      "name": "frontend",
      "provider": "provider[\"registry.terraform.io/hashicorp/aws\"]",
      "instances": [
        {
          "schema_version": 1,
          "attributes": {
            "ami": "ami-091119e7f2d3f9482",
            "arn": "arn:aws:ec2:eu-west-3:537467926748:instance/i-06fc0ac3395d50f49",
            "associate_public_ip_address": true,
            "availability_zone": "eu-west-3a",
            "capacity_reservation_specification": [
              {
                "capacity_reservation_preference": "open",
                "capacity_reservation_target": []
              }
            ],
            "cpu_core_count": 1,
            "cpu_options": [
              {
                "amd_sev_snp": "",
                "core_count": 1,
                "threads_per_core": 1
              }
            ],
            "cpu_threads_per_core": 1,
            "credit_specification": [
              {
                "cpu_credits": "standard"
              }
            ],
            "disable_api_stop": false,
            "disable_api_termination": false,
            "ebs_block_device": [],
            "ebs_optimized": false,
            "enclave_options": [
              {
                "enabled": false
              }
            ],
            "ephemeral_block_device": [],
            "get_password_data": false,
            "hibernation": false,
            "host_id": "",
            "host_resource_group_arn": null,
            "iam_instance_profile": "",
            "id": "i-06fc0ac3395d50f49",
            "instance_initiated_shutdown_behavior": "stop",
            "instance_state": "running",
            "instance_type": "t2.micro",
            "ipv6_address_count": 0,
            "ipv6_addresses": [],
            "key_name": "generated-ssh-key",
            "launch_template": [],
            "maintenance_options": [
              {
                "auto_recovery": "default"
              }
            ],
            "metadata_options": [
              {
                "http_endpoint": "enabled",
                "http_put_response_hop_limit": 1,
                "http_tokens": "optional",
                "instance_metadata_tags": "disabled"
              }
            ],
            "monitoring": false,
            "network_interface": [],
            "outpost_arn": "",
            "password_data": "",
            "placement_group": "",
            "placement_partition_number": 0,
            "primary_network_interface_id": "eni-0471b113af6a6dca3",
            "private_dns": "ip-10-0-1-59.eu-west-3.compute.internal",
            "private_dns_name_options": [
              {
                "enable_resource_name_dns_a_record": false,
                "enable_resource_name_dns_aaaa_record": false,
                "hostname_type": "ip-name"
              }
            ],
            "private_ip": "10.0.1.59",
            "public_dns": "ec2-15-236-239-151.eu-west-3.compute.amazonaws.com",
            "public_ip": "15.236.239.151",
            "root_block_device": [
              {
                "delete_on_termination": true,
                "device_name": "/dev/xvda",
                "encrypted": false,
                "iops": 100,
                "kms_key_id": "",
                "tags": {},
                "throughput": 0,
                "volume_id": "vol-093640d6a838a9060",
                "volume_size": 8,
                "volume_type": "gp2"
              }
            ],
            "secondary_private_ips": [],
            "security_groups": [],
            "source_dest_check": true,
            "subnet_id": "subnet-01525c56180f52ed3",
            "tags": {
              "Environment": "Development",
              "ManagedBy": "Terraform",
              "Name": "devops-project-frontend",
              "Project": "DevOps-Project"
            },
            "tags_all": {
              "Environment": "Development",
              "ManagedBy": "Terraform",
              "Name": "devops-project-frontend",
              "Project": "DevOps-Project"
            },
            "tenancy": "default",
            "timeouts": null,
            "user_data": "61058328145ff44c2fd66c2931faa799768f2ebc",
            "user_data_base64": null,
            "user_data_replace_on_change": false,
            "volume_tags": null,
            "vpc_security_group_ids": [
              "sg-0882da11bdd639624"
            ]
          },
          "sensitive_attributes": [],
          "identity_schema_version": 0,
          "private": "eyJlMmJmYjczMC1lY2FhLTExZTYtOGY4OC0zNDM2M2JjN2M0YzAiOnsiY3JlYXRlIjo2MDAwMDAwMDAwMDAsImRlbGV0ZSI6MTIwMDAwMDAwMDAwMCwidXBkYXRlIjo2MDAwMDAwMDAwMDB9LCJzY2hlbWFfdmVyc2lvbiI6IjEifQ==",
          "dependencies": [
            "aws_internet_gateway.igw",
            "aws_key_pair.generated_key",
            "aws_security_group.frontend",
            "aws_subnet.public",
            "aws_vpc.main",
            "data.aws_ami.amazon_linux_2",
            "tls_private_key.ssh_key"
          ]
        }
      ]
    },
    {
      "mode": "managed",
      "type": "aws_internet_gateway",
      "name": "igw",
      "provider": "provider[\"registry.terraform.io/hashicorp/aws\"]",
      "instances": [
        {
          "schema_version": 0,
          "attributes": {
            "arn": "arn:aws:ec2:eu-west-3:537467926748:internet-gateway/igw-0fcef8805e4c86486",
            "id": "igw-0fcef8805e4c86486",
            "owner_id": "537467926748",
            "tags": {
              "Environment": "Development",
              "ManagedBy": "Terraform",
              "Name": "devops-project-igw",
              "Project": "DevOps-Project"
            },
            "tags_all": {
              "Environment": "Development",
              "ManagedBy": "Terraform",
              "Name": "devops-project-igw",
              "Project": "DevOps-Project"
            },
            "timeouts": null,
            "vpc_id": "vpc-0275e78cb8777bfd8"
          },
          "sensitive_attributes": [],
          "identity_schema_version": 0,
          "private": "eyJlMmJmYjczMC1lY2FhLTExZTYtOGY4OC0zNDM2M2JjN2M0YzAiOnsiY3JlYXRlIjoxMjAwMDAwMDAwMDAwLCJkZWxldGUiOjEyMDAwMDAwMDAwMDAsInVwZGF0ZSI6MTIwMDAwMDAwMDAwMH19",
          "dependencies": [
            "aws_vpc.main"
          ]
        }
      ]
    },
    {
      "mode": "managed",
      "type": "aws_key_pair",
      "name": "generated_key",
      "provider": "provider[\"registry.terraform.io/hashicorp/aws\"]",
      "instances": [
        {
          "schema_version": 1,
          "attributes": {
            "arn": "arn:aws:ec2:eu-west-3:537467926748:key-pair/generated-ssh-key",
            "fingerprint": "bd:9d:db:f9:d4:e8:57:98:8c:34:68:a5:81:cb:3f:35",
            "id": "generated-ssh-key",
            "key_name": "generated-ssh-key",
            "key_name_prefix": "",
            "key_pair_id": "key-046605e592bd3211b",
            "key_type": "rsa",
            "public_key": "ssh-rsa AAAAB3NzaC1yc2EAAAADAQABAAACAQDKBprz05YSu8wgNi0SOf34NNc/aLg2ypZm5+LOUx07Vma0WEFXPHtEbjVX3tWYuIhfTSAOQBXc3fZeBYqECQvf+fR2XUT3MmFXIl8jXqOVP7VrCUHAZ3S5zsljlPV7W84sLAedPvq9anT6YNPp2FzYmlR4MTUlWrWzIXBQ0xd/A0WxYg7MmC95gKbeUNDVrjhhNHiQBlGAZ9510p8NqBJpkOsLMmCRH1c7ziO3LXM2qBCy4qjMDGpu4bCVmi+3+OXvmOfuIsTtuhDBOYM6xThlYXeFGa3ROvQSP6oymW+vICnWYuK7c9V+7h8nvZcGANTiUVTEv6KZwoTM3KrOoOzNg7XI6xZxZ25Cp039P2lM31hhJTwPGRMOIJDfrihhrlbi/vHmzed3gZMcq1GqiFDdm42GBi5hgBV8MOszf3ilZBT8bxOZu/sxWxwbEdmc+l8HUvCqXfVx/V0IxPSui7VWCMCSa89DNhcb1rI0IOKu5oYUG668kbJIViyebuOJMVbd6FYjD4gakIr37Ea4KS356YCSg1fPlx16sq63jk3TkS5GhFUsE9ASNvHAEjCYui6bbVt4Z5kghMsSn11DxTW7Tok+UwTr0QXSeXZCp0q8k/gWhX2LSGcDNvFR2D/rg5uaiSwHY55X1VWZ9OvKd9LKskrz3UGoKqrQuS+p4aXqbw==",
            "tags": null,
            "tags_all": {}
          },
          "sensitive_attributes": [],
          "identity_schema_version": 0,
          "private": "eyJzY2hlbWFfdmVyc2lvbiI6IjEifQ==",
          "dependencies": [
            "tls_private_key.ssh_key"
          ]
        }
      ]
    },
    {
      "mode": "managed",
      "type": "aws_network_acl",
      "name": "public",
      "provider": "provider[\"registry.terraform.io/hashicorp/aws\"]",
      "instances": [
        {
          "schema_version": 0,
          "attributes": {
            "arn": "arn:aws:ec2:eu-west-3:537467926748:network-acl/acl-0539d1b8348405093",
            "egress": [
              {
                "action": "allow",
                "cidr_block": "0.0.0.0/0",
                "from_port": 0,
                "icmp_code": null,
                "icmp_type": null,
                "ipv6_cidr_block": "",
                "protocol": "-1",
                "rule_no": 100,
                "to_port": 0
              }
            ],
            "id": "acl-0539d1b8348405093",
            "ingress": [
              {
                "action": "allow",
                "cidr_block": "0.0.0.0/0",
                "from_port": 1024,
                "icmp_code": null,
                "icmp_type": null,
                "ipv6_cidr_block": "",
                "protocol": "tcp",
                "rule_no": 130,
                "to_port": 65535
              },
              {
                "action": "allow",
                "cidr_block": "0.0.0.0/0",
                "from_port": 22,
                "icmp_code": null,
                "icmp_type": null,
                "ipv6_cidr_block": "",
                "protocol": "tcp",
                "rule_no": 120,
                "to_port": 22
              },
              {
                "action": "allow",
                "cidr_block": "0.0.0.0/0",
                "from_port": 3000,
                "icmp_code": null,
                "icmp_type": null,
                "ipv6_cidr_block": "",
                "protocol": "tcp",
                "rule_no": 125,
                "to_port": 3000
              },
              {
                "action": "allow",
                "cidr_block": "0.0.0.0/0",
                "from_port": 443,
                "icmp_code": null,
                "icmp_type": null,
                "ipv6_cidr_block": "",
                "protocol": "tcp",
                "rule_no": 110,
                "to_port": 443
              },
              {
                "action": "allow",
                "cidr_block": "0.0.0.0/0",
                "from_port": 80,
                "icmp_code": null,
                "icmp_type": null,
                "ipv6_cidr_block": "",
                "protocol": "tcp",
                "rule_no": 100,
                "to_port": 80
              }
            ],
            "owner_id": "537467926748",
            "subnet_ids": [
              "subnet-01525c56180f52ed3"
            ],
            "tags": {
              "Environment": "Development",
              "ManagedBy": "Terraform",
              "Name": "devops-project-public-nacl",
              "Project": "DevOps-Project"
            },
            "tags_all": {
              "Environment": "Development",
              "ManagedBy": "Terraform",
              "Name": "devops-project-public-nacl",
              "Project": "DevOps-Project"
            },
            "vpc_id": "vpc-0275e78cb8777bfd8"
          },
          "sensitive_attributes": [],
          "identity_schema_version": 0,
          "private": "bnVsbA==",
          "dependencies": [
            "aws_subnet.public",
            "aws_vpc.main"
          ]
        }
      ]
    },
    {
      "mode": "managed",
      "type": "aws_route_table",
      "name": "public",
      "provider": "provider[\"registry.terraform.io/hashicorp/aws\"]",
      "instances": [
        {
          "schema_version": 0,
          "attributes": {
            "arn": "arn:aws:ec2:eu-west-3:537467926748:route-table/rtb-0d884ab9d74cd309f",
            "id": "rtb-0d884ab9d74cd309f",
            "owner_id": "537467926748",
            "propagating_vgws": [],
            "route": [
              {
                "carrier_gateway_id": "",
                "cidr_block": "0.0.0.0/0",
                "core_network_arn": "",
                "destination_prefix_list_id": "",
                "egress_only_gateway_id": "",
                "gateway_id": "igw-0fcef8805e4c86486",
                "instance_id": "",
                "ipv6_cidr_block": "",
                "local_gateway_id": "",
                "nat_gateway_id": "",
                "network_interface_id": "",
                "transit_gateway_id": "",
                "vpc_endpoint_id": "",
                "vpc_peering_connection_id": ""
              }
            ],
            "tags": {
              "Environment": "Development",
              "ManagedBy": "Terraform",
              "Name": "devops-project-public-rt",
              "Project": "DevOps-Project"
            },
            "tags_all": {
              "Environment": "Development",
              "ManagedBy": "Terraform",
              "Name": "devops-project-public-rt",
              "Project": "DevOps-Project"
            },
            "timeouts": null,
            "vpc_id": "vpc-0275e78cb8777bfd8"
          },
          "sensitive_attributes": [],
          "identity_schema_version": 0,
          "private": "eyJlMmJmYjczMC1lY2FhLTExZTYtOGY4OC0zNDM2M2JjN2M0YzAiOnsiY3JlYXRlIjozMDAwMDAwMDAwMDAsImRlbGV0ZSI6MzAwMDAwMDAwMDAwLCJ1cGRhdGUiOjEyMDAwMDAwMDAwMH19",
          "dependencies": [
            "aws_internet_gateway.igw",
            "aws_vpc.main"
          ]
        }
      ]
    },
    {
      "mode": "managed",
      "type": "aws_route_table_association",
      "name": "public",
      "provider": "provider[\"registry.terraform.io/hashicorp/aws\"]",
      "instances": [
        {
          "schema_version": 0,
          "attributes": {
            "gateway_id": "",
            "id": "rtbassoc-02eca3959bd17eac0",
            "route_table_id": "rtb-0d884ab9d74cd309f",
            "subnet_id": "subnet-01525c56180f52ed3",
            "timeouts": null
          },
          "sensitive_attributes": [],
          "identity_schema_version": 0,
          "private": "eyJlMmJmYjczMC1lY2FhLTExZTYtOGY4OC0zNDM2M2JjN2M0YzAiOnsiY3JlYXRlIjozMDAwMDAwMDAwMDAsImRlbGV0ZSI6MzAwMDAwMDAwMDAwLCJ1cGRhdGUiOjEyMDAwMDAwMDAwMH19",
          "dependencies": [
            "aws_internet_gateway.igw",
            "aws_route_table.public",
            "aws_subnet.public",
            "aws_vpc.main"
          ]
        }
      ]
    },
    {
      "mode": "managed",
      "type": "aws_security_group",
      "name": "backend",
      "provider": "provider[\"registry.terraform.io/hashicorp/aws\"]",
      "instances": [
        {
          "schema_version": 1,
          "attributes": {
            "arn": "arn:aws:ec2:eu-west-3:537467926748:security-group/sg-0a1868962b3c422ba",
            "description": "Security group for backend server",
            "egress": [
              {
                "cidr_blocks": [
                  "0.0.0.0/0"
                ],
                "description": "",
                "from_port": 0,
                "ipv6_cidr_blocks": [],
                "prefix_list_ids": [],
                "protocol": "-1",
                "security_groups": [],
                "self": false,
                "to_port": 0
              }
            ],
            "id": "sg-0a1868962b3c422ba",
            "ingress": [
              {
                "cidr_blocks": [
                  "0.0.0.0/0"
                ],
                "description": "",
                "from_port": 22,
                "ipv6_cidr_blocks": [],
                "prefix_list_ids": [],
                "protocol": "tcp",
                "security_groups": [],
                "self": false,
                "to_port": 22
              },
              {
                "cidr_blocks": [
                  "0.0.0.0/0"
                ],
                "description": "",
                "from_port": 3000,
                "ipv6_cidr_blocks": [],
                "prefix_list_ids": [],
                "protocol": "tcp",
                "security_groups": [],
                "self": false,
                "to_port": 3000
              }
            ],
            "name": "backend-sg",
            "name_prefix": "",
            "owner_id": "537467926748",
            "revoke_rules_on_delete": false,
            "tags": {
              "Environment": "Development",
              "ManagedBy": "Terraform",
              "Name": "devops-project-backend-sg",
              "Project": "DevOps-Project"
            },
            "tags_all": {
              "Environment": "Development",
              "ManagedBy": "Terraform",
              "Name": "devops-project-backend-sg",
              "Project": "DevOps-Project"
            },
            "timeouts": null,
            "vpc_id": "vpc-0275e78cb8777bfd8"
          },
          "sensitive_attributes": [],
          "identity_schema_version": 0,
          "private": "eyJlMmJmYjczMC1lY2FhLTExZTYtOGY4OC0zNDM2M2JjN2M0YzAiOnsiY3JlYXRlIjo2MDAwMDAwMDAwMDAsImRlbGV0ZSI6OTAwMDAwMDAwMDAwfSwic2NoZW1hX3ZlcnNpb24iOiIxIn0=",
          "dependencies": [
            "aws_vpc.main"
          ]
        }
      ]
    },
    {
      "mode": "managed",
      "type": "aws_security_group",
      "name": "database",
      "provider": "provider[\"registry.terraform.io/hashicorp/aws\"]",
      "instances": [
        {
          "schema_version": 1,
          "attributes": {
            "arn": "arn:aws:ec2:eu-west-3:537467926748:security-group/sg-0af7b366bd0abf30e",
            "description": "Security group for database server",
            "egress": [
              {
                "cidr_blocks": [
                  "0.0.0.0/0"
                ],
                "description": "",
                "from_port": 0,
                "ipv6_cidr_blocks": [],
                "prefix_list_ids": [],
                "protocol": "-1",
                "security_groups": [],
                "self": false,
                "to_port": 0
              }
            ],
            "id": "sg-0af7b366bd0abf30e",
            "ingress": [
              {
                "cidr_blocks": [
                  "0.0.0.0/0"
                ],
                "description": "",
                "from_port": 22,
                "ipv6_cidr_blocks": [],
                "prefix_list_ids": [],
                "protocol": "tcp",
                "security_groups": [],
                "self": false,
                "to_port": 22
              },
              {
                "cidr_blocks": [
                  "10.0.0.0/16"
                ],
                "description": "",
                "from_port": 5432,
                "ipv6_cidr_blocks": [],
                "prefix_list_ids": [],
                "protocol": "tcp",
                "security_groups": [],
                "self": false,
                "to_port": 5432
              }
            ],
            "name": "database-sg",
            "name_prefix": "",
            "owner_id": "537467926748",
            "revoke_rules_on_delete": false,
            "tags": {
              "Environment": "Development",
              "ManagedBy": "Terraform",
              "Name": "devops-project-database-sg",
              "Project": "DevOps-Project"
            },
            "tags_all": {
              "Environment": "Development",
              "ManagedBy": "Terraform",
              "Name": "devops-project-database-sg",
              "Project": "DevOps-Project"
            },
            "timeouts": null,
            "vpc_id": "vpc-0275e78cb8777bfd8"
          },
          "sensitive_attributes": [],
          "identity_schema_version": 0,
          "private": "eyJlMmJmYjczMC1lY2FhLTExZTYtOGY4OC0zNDM2M2JjN2M0YzAiOnsiY3JlYXRlIjo2MDAwMDAwMDAwMDAsImRlbGV0ZSI6OTAwMDAwMDAwMDAwfSwic2NoZW1hX3ZlcnNpb24iOiIxIn0=",
          "dependencies": [
            "aws_vpc.main"
          ]
        }
      ]
    },
    {
      "mode": "managed",
      "type": "aws_security_group",
      "name": "frontend",
      "provider": "provider[\"registry.terraform.io/hashicorp/aws\"]",
      "instances": [
        {
          "schema_version": 1,
          "attributes": {
            "arn": "arn:aws:ec2:eu-west-3:537467926748:security-group/sg-0882da11bdd639624",
            "description": "Security group for frontend web server",
            "egress": [
              {
                "cidr_blocks": [
                  "0.0.0.0/0"
                ],
                "description": "",
                "from_port": 0,
                "ipv6_cidr_blocks": [],
                "prefix_list_ids": [],
                "protocol": "-1",
                "security_groups": [],
                "self": false,
                "to_port": 0
              }
            ],
            "id": "sg-0882da11bdd639624",
            "ingress": [
              {
                "cidr_blocks": [
                  "0.0.0.0/0"
                ],
                "description": "",
                "from_port": 22,
                "ipv6_cidr_blocks": [],
                "prefix_list_ids": [],
                "protocol": "tcp",
                "security_groups": [],
                "self": false,
                "to_port": 22
              },
              {
                "cidr_blocks": [
                  "0.0.0.0/0"
                ],
                "description": "",
                "from_port": 8080,
                "ipv6_cidr_blocks": [],
                "prefix_list_ids": [],
                "protocol": "tcp",
                "security_groups": [],
                "self": false,
                "to_port": 8080
              },
              {
                "cidr_blocks": [
                  "0.0.0.0/0"
                ],
                "description": "",
                "from_port": 80,
                "ipv6_cidr_blocks": [],
                "prefix_list_ids": [],
                "protocol": "tcp",
                "security_groups": [],
                "self": false,
                "to_port": 80
              }
            ],
            "name": "frontend-sg",
            "name_prefix": "",
            "owner_id": "537467926748",
            "revoke_rules_on_delete": false,
            "tags": {
              "Environment": "Development",
              "ManagedBy": "Terraform",
              "Name": "devops-project-frontend-sg",
              "Project": "DevOps-Project"
            },
            "tags_all": {
              "Environment": "Development",
              "ManagedBy": "Terraform",
              "Name": "devops-project-frontend-sg",
              "Project": "DevOps-Project"
            },
            "timeouts": null,
            "vpc_id": "vpc-0275e78cb8777bfd8"
          },
          "sensitive_attributes": [],
          "identity_schema_version": 0,
          "private": "eyJlMmJmYjczMC1lY2FhLTExZTYtOGY4OC0zNDM2M2JjN2M0YzAiOnsiY3JlYXRlIjo2MDAwMDAwMDAwMDAsImRlbGV0ZSI6OTAwMDAwMDAwMDAwfSwic2NoZW1hX3ZlcnNpb24iOiIxIn0=",
          "dependencies": [
            "aws_vpc.main"
          ]
        }
      ]
    },
    {
      "mode": "managed",
      "type": "aws_subnet",
      "name": "public",
      "provider": "provider[\"registry.terraform.io/hashicorp/aws\"]",
      "instances": [
        {
          "schema_version": 1,
          "attributes": {
            "arn": "arn:aws:ec2:eu-west-3:537467926748:subnet/subnet-01525c56180f52ed3",
            "assign_ipv6_address_on_creation": false,
            "availability_zone": "eu-west-3a",
            "availability_zone_id": "euw3-az1",
            "cidr_block": "10.0.1.0/24",
            "customer_owned_ipv4_pool": "",
            "enable_dns64": false,
            "enable_lni_at_device_index": 0,
            "enable_resource_name_dns_a_record_on_launch": false,
            "enable_resource_name_dns_aaaa_record_on_launch": false,
            "id": "subnet-01525c56180f52ed3",
            "ipv6_cidr_block": "",
            "ipv6_cidr_block_association_id": "",
            "ipv6_native": false,
            "map_customer_owned_ip_on_launch": false,
            "map_public_ip_on_launch": true,
            "outpost_arn": "",
            "owner_id": "537467926748",
            "private_dns_hostname_type_on_launch": "ip-name",
            "tags": {
              "Environment": "Development",
              "ManagedBy": "Terraform",
              "Name": "devops-project-public-subnet",
              "Project": "DevOps-Project"
            },
            "tags_all": {
              "Environment": "Development",
              "ManagedBy": "Terraform",
              "Name": "devops-project-public-subnet",
              "Project": "DevOps-Project"
            },
            "timeouts": null,
            "vpc_id": "vpc-0275e78cb8777bfd8"
          },
          "sensitive_attributes": [],
          "identity_schema_version": 0,
          "private": "eyJlMmJmYjczMC1lY2FhLTExZTYtOGY4OC0zNDM2M2JjN2M0YzAiOnsiY3JlYXRlIjo2MDAwMDAwMDAwMDAsImRlbGV0ZSI6MTIwMDAwMDAwMDAwMH0sInNjaGVtYV92ZXJzaW9uIjoiMSJ9",
          "dependencies": [
            "aws_vpc.main"
          ]
        }
      ]
    },
    {
      "mode": "managed",
      "type": "aws_vpc",
      "name": "main",
      "provider": "provider[\"registry.terraform.io/hashicorp/aws\"]",
      "instances": [
        {
          "schema_version": 1,
          "attributes": {
            "arn": "arn:aws:ec2:eu-west-3:537467926748:vpc/vpc-0275e78cb8777bfd8",
            "assign_generated_ipv6_cidr_block": false,
            "cidr_block": "10.0.0.0/16",
            "default_network_acl_id": "acl-0402870c2ce3a598a",
            "default_route_table_id": "rtb-0774e2f7042444672",
            "default_security_group_id": "sg-08ac6b972971c0664",
            "dhcp_options_id": "dopt-0373f4bc9e6cdbdbb",
            "enable_classiclink": false,
            "enable_classiclink_dns_support": false,
            "enable_dns_hostnames": true,
            "enable_dns_support": true,
            "enable_network_address_usage_metrics": false,
            "id": "vpc-0275e78cb8777bfd8",
            "instance_tenancy": "default",
            "ipv4_ipam_pool_id": null,
            "ipv4_netmask_length": null,
            "ipv6_association_id": "",
            "ipv6_cidr_block": "",
            "ipv6_cidr_block_network_border_group": "",
            "ipv6_ipam_pool_id": "",
            "ipv6_netmask_length": 0,
            "main_route_table_id": "rtb-0774e2f7042444672",
            "owner_id": "537467926748",
            "tags": {
              "Environment": "Development",
              "ManagedBy": "Terraform",
              "Name": "devops-project-vpc",
              "Project": "DevOps-Project"
            },
            "tags_all": {
              "Environment": "Development",
              "ManagedBy": "Terraform",
              "Name": "devops-project-vpc",
              "Project": "DevOps-Project"
            }
          },
          "sensitive_attributes": [],
          "identity_schema_version": 0,
          "private": "eyJzY2hlbWFfdmVyc2lvbiI6IjEifQ=="
        }
      ]
    },
    {
      "mode": "managed",
      "type": "local_file",
      "name": "private_key",
      "provider": "provider[\"registry.terraform.io/hashicorp/local\"]",
      "instances": [
        {
          "schema_version": 0,
          "attributes": {
            "content": "-----BEGIN RSA PRIVATE KEY-----\nMIIJKQIBAAKCAgEAygaa89OWErvMIDYtEjn9+DTXP2i4NsqWZufizlMdO1ZmtFhB\nVzx7RG41V97VmLiIX00gDkAV3N32XgWKhAkL3/n0dl1E9zJhVyJfI16jlT+1awlB\nwGd0uc7JY5T1e1vOLCwHnT76vWp0+mDT6dhc2JpUeDE1JVq1syFwUNMXfwNFsWIO\nzJgveYCm3lDQ1a44YTR4kAZRgGfeddKfDagSaZDrCzJgkR9XO84jty1zNqgQsuKo\nzAxqbuGwlZovt/jl75jn7iLE7boQwTmDOsU4ZWF3hRmt0Tr0Ej+qMplvryAp1mLi\nu3PVfu4fJ72XBgDU4lFUxL+imcKEzNyqzqDszYO1yOsWcWduQqdN/T9pTN9YYSU8\nDxkTDiCQ364oYa5W4v7x5s3nd4GTHKtRqohQ3ZuNhgYuYYAVfDDrM394pWQU/G8T\nmbv7MVscGxHZnPpfB1Lwql31cf1dCMT0rou1VgjAkmvPQzYXG9ayNCDiruaGFBuu\nvJGySFYsnm7jiTFW3ehWIw+IGpCK9+xGuCkt+emAkoNXz5cderKut45N05EuRoRV\nLBPQEjbxwBIwmLoum21beGeZIITLEp9dQ8U1u06JPlME69EF0nl2QqdKvJP4FoV9\ni0hnAzbxUdg/64ObmoksB2OeV9VVmfTrynfSyrJK891BqCqq0LkvqeGl6m8CAwEA\nAQKCAgAwPKOC1GJg1rZGeqkIURBy0ysR2M8jRfvjVjqxSOcR4+9h4DC5w5crH6Vc\n9bfKX0UwfBnLTUHrGpRYnroUDJTpRaU5Hcv5ue3EAFD3AQHOAQgwJmWsqwcT1mv/\nevGiIql3oouu3/q+f0yu+6+dhiulDDRe/mDSKnZ37uQCaGSTzxQ05lTiRPQQ7sbp\nDiLO4mpTy1N+EAQlxKc5OrD/ccHzssZsRfsIq5MIlI+yjQeVZUuXasci8VP4Zark\nDYyXQLamHrxB/8tFd8fIWxMaVTzB+COxhBAchRcBxHG+4yPnjKZwqeu5Fk9Dn1eR\nBZOpu0kZQJIc6CTK0ccjowyliYcAnnZVfSSGy6HSa92a1juztLXyOcU/WJlD1iEf\n7L0aDP/0eBsOWZ5RGfOPRlv6Q/VTA4oTPITb2yN0GRV3oZ7k39OfhKwtx6lazX4L\nJZdRfrvBsY7EwnzNAJ45S6q7TwL4tLuQbf0qmiuE9CjyEVjlNLkf1DKldOJU1VuM\ntTXsdrZo1Y7h4Hw5lwIZdzK+d1xnHzZQrGET8Zj5Dt9tu2t2IN+QMt0DHASCDjW0\nTgf9pBQditIeLV7uTklsZixkOFBK8l1IvwYO49MieOL9j9sY9H/d6JefBPqeKOxB\noRakNCfXrtiw2PhAYEDujTSVUkPfxtptAXwy5z12rPn5//kcAQKCAQEA4KkIhx8c\n17VvlGpEqN+DgCwZHvF2XuEEIlpoIhgBC8tqkcqYiQa6Bu+fGlO23tamsji6B3LX\nWe9nNGoyvtXxPfWsGl0g0m/ftP729X3SVAtIRPCSy7eyVB+aoqyfI4NKd69yv4MR\nntPKafDoNOhSVVv0oQKrMfgAHJ/sQYhZpFierKSqv+iwLNKj6bIawkH23slqME+r\nwuccSyYrrXfKISnjwfmIRXwKo9QUp/TVVGe+DqV/lQQMzlMI4D2SgQimSpxWUFlM\nFs51HbeBvnA/Tm7j4OKqv2g57aKHRkZ0OCOz8CnbZoOdU9/O2kXWcl/fpVCbPDFp\nrnTFWqkXVua/fwKCAQEA5jVCbXzDSGHz1NowJiMDvLmEftcDCV4SpBYr7w6yI22b\nG8EdPmNxsg4jGOwkWaXQazYPa8DmScJdSdP3/5zWuNR2JnOvCJOnp80pz1x2AK3I\nyKByYYdPq6yD9bd0jFiowfIm2JL9YYCVfMG33BfVRto2S8be/jnchCUBekUrre2A\neiCYhIduQ1UdJoDj6VyXyuNliCPhj2uX3OyYAOHKaedQIngS59sg67mi+kLmzJ6H\nAcrD9KiEk4dOmIBfhUe6Z0JR0kO9Z/2svIGohPtTqJkgLnYbOYZTb+CuFPrzMRht\nS0KRySCYmYVBthTlxjbxKEuwpZ/guCXZdtvKqEZNEQKCAQEAl9+tdCsERI7TL3Hn\nmIIBU9R75v81Fk7njJGxc9rmWiLZmFVtaLSzbZzv4cxWA674YeMXX5GzI4lEK5rf\nU0MuIsTB49CxL5GRmboDGVJFrasy3+gCVNWKKHR1BSPNMSTAYsioue7RKp3iaFwD\nnkCv6CSR64byVIVjDfbOsD6M2x1Np0hqZfHXp3V+ea19iXUufs2Ki75QTyINboAP\nZuVkL6cx4R/fj5mbV8U3cZOB491+DkizRvnF7nUTuwPk1nYSdL3bW9YCKijH4576\nhtM6+LreMlkJNPwwrQUCje9zAcChE+o398VhxiG2pLgxkIBfoFItnzOITfeCsxc8\nP/Md4QKCAQEAh24PvU+npv6RLsiJiPYSbcWKMACX9bvVJZkxkXrIy9TgakyKwrhI\nG+L7PN83Z1IIMfpkyhR6pivlK9i6zjLbk3LSaz6lW1taR3qIPUh811tlgrn5cGzl\nLu7X1wdtVl+WMDsgJUscK281AmcInj+bJgqb5KqDZ3Zsx4TpwJ/O2Yyeh7qDX3w5\nHv2En7E144SofCCZC6VoPjKi7cJ2jhZHOVRurUiMfsBINsVIHwiatQgSDrjV3SoC\njLQOReNHzqXrAHJgpl1ZoUL4ixGQLWOZzNcAurSawZXHokrAvvD/fwOK0LrB/1vg\nyng9tzvGDX0nFHiq3FUZI9yIecdGCwcIsQKCAQBN1tsn/vlPqQZM6C6Rj+BtwuYX\nQEhAF89YcPFeI/Bgo/SKqM6GoxzihTPxMFLRZzyUM8DKjSNUkG0yroDt4oAtmg6c\n+vu6l37fXpORX9849EQD9o763du53gPVssmQ3GTNkJ1VcCWLBQfAsPGDZy3Wc0BO\nnt4oUg0/QueTOE9R1Gi7VyOCEp6EsSb3WdNzTsFCs9D5cMocv7VRfAwXYPMK62KR\nASf8FiyW59JJkm6SaxIGjuKlu8beTf7xkSgpNGpLMX43PczGWw+ciVE4EblSZlYc\nNtzT9YLmTWYLI7OCoNPkBIk1Tq6D2ll6aOOnRpmMCreRuAGtckEGpvjcPmpd\n-----END RSA PRIVATE KEY-----\n",
            "content_base64": null,
            "content_base64sha256": "sPy8rbIdYFRbCMWT/os6r4GuvOjKqM/iJK00IogP7yI=",
            "content_base64sha512": "yrpZsf+V+6ztyZ3SDO5R+n+KvJ3IC6CA7fVoLtRK4jaVQxwGlN71901lR7IZCLp1bB3Pm1w9EmLDsy3bdmfYAw==",
            "content_md5": "02886efdfebeafb33eeb53c42f5c69bc",
            "content_sha1": "c3bf0b9a27295af4874aa7a42e75d90fcbc198cb",
            "content_sha256": "b0fcbcadb21d60545b08c593fe8b3aaf81aebce8caa8cfe224ad3422880fef22",
            "content_sha512": "caba59b1ff95fbacedc99dd20cee51fa7f8abc9dc80ba080edf5682ed44ae23695431c0694def5f74d6547b21908ba756c1dcf9b5c3d1262c3b32ddb7667d803",
            "directory_permission": "0777",
            "file_permission": "0600",
            "filename": "./id_rsa",
            "id": "c3bf0b9a27295af4874aa7a42e75d90fcbc198cb",
            "sensitive_content": null,
            "source": null
          },
          "sensitive_attributes": [
            [
              {
                "type": "get_attr",
                "value": "content"
              }
            ],
            [
              {
                "type": "get_attr",
                "value": "sensitive_content"
              }
            ]
          ],
          "identity_schema_version": 0,
          "dependencies": [
            "tls_private_key.ssh_key"
          ]
        }
      ]
    },
    {
      "mode": "managed",
      "type": "tls_private_key",
      "name": "ssh_key",
      "provider": "provider[\"registry.terraform.io/hashicorp/tls\"]",
      "instances": [
        {
          "schema_version": 1,
          "attributes": {
            "algorithm": "RSA",
            "ecdsa_curve": "P224",
            "id": "a93122c1059ccbf4ebb4686505daa45549c6e194",
            "private_key_openssh": "-----BEGIN OPENSSH PRIVATE KEY-----\nb3BlbnNzaC1rZXktdjEAAAAABG5vbmUAAAAEbm9uZQAAAAAAAAABAAACFwAAAAdz\nc2gtcnNhAAAAAwEAAQAAAgEAygaa89OWErvMIDYtEjn9+DTXP2i4NsqWZufizlMd\nO1ZmtFhBVzx7RG41V97VmLiIX00gDkAV3N32XgWKhAkL3/n0dl1E9zJhVyJfI16j\nlT+1awlBwGd0uc7JY5T1e1vOLCwHnT76vWp0+mDT6dhc2JpUeDE1JVq1syFwUNMX\nfwNFsWIOzJgveYCm3lDQ1a44YTR4kAZRgGfeddKfDagSaZDrCzJgkR9XO84jty1z\nNqgQsuKozAxqbuGwlZovt/jl75jn7iLE7boQwTmDOsU4ZWF3hRmt0Tr0Ej+qMplv\nryAp1mLiu3PVfu4fJ72XBgDU4lFUxL+imcKEzNyqzqDszYO1yOsWcWduQqdN/T9p\nTN9YYSU8DxkTDiCQ364oYa5W4v7x5s3nd4GTHKtRqohQ3ZuNhgYuYYAVfDDrM394\npWQU/G8Tmbv7MVscGxHZnPpfB1Lwql31cf1dCMT0rou1VgjAkmvPQzYXG9ayNCDi\nruaGFBuuvJGySFYsnm7jiTFW3ehWIw+IGpCK9+xGuCkt+emAkoNXz5cderKut45N\n05EuRoRVLBPQEjbxwBIwmLoum21beGeZIITLEp9dQ8U1u06JPlME69EF0nl2QqdK\nvJP4FoV9i0hnAzbxUdg/64ObmoksB2OeV9VVmfTrynfSyrJK891BqCqq0LkvqeGl\n6m8AAAc4JKhnbSSoZ20AAAAHc3NoLXJzYQAAAgEAygaa89OWErvMIDYtEjn9+DTX\nP2i4NsqWZufizlMdO1ZmtFhBVzx7RG41V97VmLiIX00gDkAV3N32XgWKhAkL3/n0\ndl1E9zJhVyJfI16jlT+1awlBwGd0uc7JY5T1e1vOLCwHnT76vWp0+mDT6dhc2JpU\neDE1JVq1syFwUNMXfwNFsWIOzJgveYCm3lDQ1a44YTR4kAZRgGfeddKfDagSaZDr\nCzJgkR9XO84jty1zNqgQsuKozAxqbuGwlZovt/jl75jn7iLE7boQwTmDOsU4ZWF3\nhRmt0Tr0Ej+qMplvryAp1mLiu3PVfu4fJ72XBgDU4lFUxL+imcKEzNyqzqDszYO1\nyOsWcWduQqdN/T9pTN9YYSU8DxkTDiCQ364oYa5W4v7x5s3nd4GTHKtRqohQ3ZuN\nhgYuYYAVfDDrM394pWQU/G8Tmbv7MVscGxHZnPpfB1Lwql31cf1dCMT0rou1VgjA\nkmvPQzYXG9ayNCDiruaGFBuuvJGySFYsnm7jiTFW3ehWIw+IGpCK9+xGuCkt+emA\nkoNXz5cderKut45N05EuRoRVLBPQEjbxwBIwmLoum21beGeZIITLEp9dQ8U1u06J\nPlME69EF0nl2QqdKvJP4FoV9i0hnAzbxUdg/64ObmoksB2OeV9VVmfTrynfSyrJK\n891BqCqq0LkvqeGl6m8AAAADAQABAAACADA8o4LUYmDWtkZ6qQhREHLTKxHYzyNF\n++NWOrFI5xHj72HgMLnDlysfpVz1t8pfRTB8GctNQesalFieuhQMlOlFpTkdy/m5\n7cQAUPcBAc4BCDAmZayrBxPWa/968aIiqXeii67f+r5/TK77r52GK6UMNF7+YNIq\ndnfu5AJoZJPPFDTmVOJE9BDuxukOIs7ialPLU34QBCXEpzk6sP9xwfOyxmxF+wir\nkwiUj7KNB5VlS5dqxyLxU/hlquQNjJdAtqYevEH/y0V3x8hbExpVPMH4I7GEEByF\nFwHEcb7jI+eMpnCp67kWT0OfV5EFk6m7SRlAkhzoJMrRxyOjDKWJhwCedlV9JIbL\nodJr3ZrWO7O0tfI5xT9YmUPWIR/svRoM//R4Gw5ZnlEZ849GW/pD9VMDihM8hNvb\nI3QZFXehnuTf05+ErC3HqVrNfgsll1F+u8GxjsTCfM0AnjlLqrtPAvi0u5Bt/Sqa\nK4T0KPIRWOU0uR/UMqV04lTVW4y1Nex2tmjVjuHgfDmXAhl3Mr53XGcfNlCsYRPx\nmPkO3227a3Yg35Ay3QMcBIIONbROB/2kFB2K0h4tXu5OSWxmLGQ4UEryXUi/Bg7j\n0yJ44v2P2xj0f93ol58E+p4o7EGhFqQ0J9eu2LDY+EBgQO6NNJVSQ9/G2m0BfDLn\nPXas+fn/+RwBAAABAE3W2yf++U+pBkzoLpGP4G3C5hdASEAXz1hw8V4j8GCj9Iqo\nzoajHOKFM/EwUtFnPJQzwMqNI1SQbTKugO3igC2aDpz6+7qXft9ek5Ff3zj0RAP2\njvrd27neA9WyyZDcZM2QnVVwJYsFB8Cw8YNnLdZzQE6e3ihSDT9C55M4T1HUaLtX\nI4ISnoSxJvdZ03NOwUKz0Plwyhy/tVF8DBdg8wrrYpEBJ/wWLJbn0kmSbpJrEgaO\n4qW7xt5N/vGRKCk0aksxfjc9zMZbD5yJUTgRuVJmVhw23NP1guZNZgsjs4Kg0+QE\niTVOroPaWXpo46dGmYwKt5G4Aa1yQQam+Nw+al0AAAEBAOCpCIcfHNe1b5RqRKjf\ng4AsGR7xdl7hBCJaaCIYAQvLapHKmIkGugbvnxpTtt7WprI4ugdy11nvZzRqMr7V\n8T31rBpdINJv37T+9vV90lQLSETwksu3slQfmqKsnyODSnevcr+DEZ7Tymnw6DTo\nUlVb9KECqzH4AByf7EGIWaRYnqykqr/osCzSo+myGsJB9t7JajBPq8LnHEsmK613\nyiEp48H5iEV8CqPUFKf01VRnvg6lf5UEDM5TCOA9koEIpkqcVlBZTBbOdR23gb5w\nP05u4+Diqr9oOe2ih0ZGdDgjs/Ap22aDnVPfztpF1nJf36VQmzwxaa50xVqpF1bm\nv38AAAEBAOY1Qm18w0hh89TaMCYjA7y5hH7XAwleEqQWK+8OsiNtmxvBHT5jcbIO\nIxjsJFml0Gs2D2vA5knCXUnT9/+c1rjUdiZzrwiTp6fNKc9cdgCtyMigcmGHT6us\ng/W3dIxYqMHyJtiS/WGAlXzBt9wX1UbaNkvG3v453IQlAXpFK63tgHogmISHbkNV\nHSaA4+lcl8rjZYgj4Y9rl9zsmADhymnnUCJ4EufbIOu5ovpC5syehwHKw/SohJOH\nTpiAX4VHumdCUdJDvWf9rLyBqIT7U6iZIC52GzmGU2/grhT68zEYbUtCkckgmJmF\nQbYU5cY28ShLsKWf4Lgl2XbbyqhGTREAAAAAAQID\n-----END OPENSSH PRIVATE KEY-----\n",
            "private_key_pem": "-----BEGIN RSA PRIVATE KEY-----\nMIIJKQIBAAKCAgEAygaa89OWErvMIDYtEjn9+DTXP2i4NsqWZufizlMdO1ZmtFhB\nVzx7RG41V97VmLiIX00gDkAV3N32XgWKhAkL3/n0dl1E9zJhVyJfI16jlT+1awlB\nwGd0uc7JY5T1e1vOLCwHnT76vWp0+mDT6dhc2JpUeDE1JVq1syFwUNMXfwNFsWIO\nzJgveYCm3lDQ1a44YTR4kAZRgGfeddKfDagSaZDrCzJgkR9XO84jty1zNqgQsuKo\nzAxqbuGwlZovt/jl75jn7iLE7boQwTmDOsU4ZWF3hRmt0Tr0Ej+qMplvryAp1mLi\nu3PVfu4fJ72XBgDU4lFUxL+imcKEzNyqzqDszYO1yOsWcWduQqdN/T9pTN9YYSU8\nDxkTDiCQ364oYa5W4v7x5s3nd4GTHKtRqohQ3ZuNhgYuYYAVfDDrM394pWQU/G8T\nmbv7MVscGxHZnPpfB1Lwql31cf1dCMT0rou1VgjAkmvPQzYXG9ayNCDiruaGFBuu\nvJGySFYsnm7jiTFW3ehWIw+IGpCK9+xGuCkt+emAkoNXz5cderKut45N05EuRoRV\nLBPQEjbxwBIwmLoum21beGeZIITLEp9dQ8U1u06JPlME69EF0nl2QqdKvJP4FoV9\ni0hnAzbxUdg/64ObmoksB2OeV9VVmfTrynfSyrJK891BqCqq0LkvqeGl6m8CAwEA\nAQKCAgAwPKOC1GJg1rZGeqkIURBy0ysR2M8jRfvjVjqxSOcR4+9h4DC5w5crH6Vc\n9bfKX0UwfBnLTUHrGpRYnroUDJTpRaU5Hcv5ue3EAFD3AQHOAQgwJmWsqwcT1mv/\nevGiIql3oouu3/q+f0yu+6+dhiulDDRe/mDSKnZ37uQCaGSTzxQ05lTiRPQQ7sbp\nDiLO4mpTy1N+EAQlxKc5OrD/ccHzssZsRfsIq5MIlI+yjQeVZUuXasci8VP4Zark\nDYyXQLamHrxB/8tFd8fIWxMaVTzB+COxhBAchRcBxHG+4yPnjKZwqeu5Fk9Dn1eR\nBZOpu0kZQJIc6CTK0ccjowyliYcAnnZVfSSGy6HSa92a1juztLXyOcU/WJlD1iEf\n7L0aDP/0eBsOWZ5RGfOPRlv6Q/VTA4oTPITb2yN0GRV3oZ7k39OfhKwtx6lazX4L\nJZdRfrvBsY7EwnzNAJ45S6q7TwL4tLuQbf0qmiuE9CjyEVjlNLkf1DKldOJU1VuM\ntTXsdrZo1Y7h4Hw5lwIZdzK+d1xnHzZQrGET8Zj5Dt9tu2t2IN+QMt0DHASCDjW0\nTgf9pBQditIeLV7uTklsZixkOFBK8l1IvwYO49MieOL9j9sY9H/d6JefBPqeKOxB\noRakNCfXrtiw2PhAYEDujTSVUkPfxtptAXwy5z12rPn5//kcAQKCAQEA4KkIhx8c\n17VvlGpEqN+DgCwZHvF2XuEEIlpoIhgBC8tqkcqYiQa6Bu+fGlO23tamsji6B3LX\nWe9nNGoyvtXxPfWsGl0g0m/ftP729X3SVAtIRPCSy7eyVB+aoqyfI4NKd69yv4MR\nntPKafDoNOhSVVv0oQKrMfgAHJ/sQYhZpFierKSqv+iwLNKj6bIawkH23slqME+r\nwuccSyYrrXfKISnjwfmIRXwKo9QUp/TVVGe+DqV/lQQMzlMI4D2SgQimSpxWUFlM\nFs51HbeBvnA/Tm7j4OKqv2g57aKHRkZ0OCOz8CnbZoOdU9/O2kXWcl/fpVCbPDFp\nrnTFWqkXVua/fwKCAQEA5jVCbXzDSGHz1NowJiMDvLmEftcDCV4SpBYr7w6yI22b\nG8EdPmNxsg4jGOwkWaXQazYPa8DmScJdSdP3/5zWuNR2JnOvCJOnp80pz1x2AK3I\nyKByYYdPq6yD9bd0jFiowfIm2JL9YYCVfMG33BfVRto2S8be/jnchCUBekUrre2A\neiCYhIduQ1UdJoDj6VyXyuNliCPhj2uX3OyYAOHKaedQIngS59sg67mi+kLmzJ6H\nAcrD9KiEk4dOmIBfhUe6Z0JR0kO9Z/2svIGohPtTqJkgLnYbOYZTb+CuFPrzMRht\nS0KRySCYmYVBthTlxjbxKEuwpZ/guCXZdtvKqEZNEQKCAQEAl9+tdCsERI7TL3Hn\nmIIBU9R75v81Fk7njJGxc9rmWiLZmFVtaLSzbZzv4cxWA674YeMXX5GzI4lEK5rf\nU0MuIsTB49CxL5GRmboDGVJFrasy3+gCVNWKKHR1BSPNMSTAYsioue7RKp3iaFwD\nnkCv6CSR64byVIVjDfbOsD6M2x1Np0hqZfHXp3V+ea19iXUufs2Ki75QTyINboAP\nZuVkL6cx4R/fj5mbV8U3cZOB491+DkizRvnF7nUTuwPk1nYSdL3bW9YCKijH4576\nhtM6+LreMlkJNPwwrQUCje9zAcChE+o398VhxiG2pLgxkIBfoFItnzOITfeCsxc8\nP/Md4QKCAQEAh24PvU+npv6RLsiJiPYSbcWKMACX9bvVJZkxkXrIy9TgakyKwrhI\nG+L7PN83Z1IIMfpkyhR6pivlK9i6zjLbk3LSaz6lW1taR3qIPUh811tlgrn5cGzl\nLu7X1wdtVl+WMDsgJUscK281AmcInj+bJgqb5KqDZ3Zsx4TpwJ/O2Yyeh7qDX3w5\nHv2En7E144SofCCZC6VoPjKi7cJ2jhZHOVRurUiMfsBINsVIHwiatQgSDrjV3SoC\njLQOReNHzqXrAHJgpl1ZoUL4ixGQLWOZzNcAurSawZXHokrAvvD/fwOK0LrB/1vg\nyng9tzvGDX0nFHiq3FUZI9yIecdGCwcIsQKCAQBN1tsn/vlPqQZM6C6Rj+BtwuYX\nQEhAF89YcPFeI/Bgo/SKqM6GoxzihTPxMFLRZzyUM8DKjSNUkG0yroDt4oAtmg6c\n+vu6l37fXpORX9849EQD9o763du53gPVssmQ3GTNkJ1VcCWLBQfAsPGDZy3Wc0BO\nnt4oUg0/QueTOE9R1Gi7VyOCEp6EsSb3WdNzTsFCs9D5cMocv7VRfAwXYPMK62KR\nASf8FiyW59JJkm6SaxIGjuKlu8beTf7xkSgpNGpLMX43PczGWw+ciVE4EblSZlYc\nNtzT9YLmTWYLI7OCoNPkBIk1Tq6D2ll6aOOnRpmMCreRuAGtckEGpvjcPmpd\n-----END RSA PRIVATE KEY-----\n",
            "private_key_pem_pkcs8": "-----BEGIN PRIVATE KEY-----\nMIIJQwIBADANBgkqhkiG9w0BAQEFAASCCS0wggkpAgEAAoICAQDKBprz05YSu8wg\nNi0SOf34NNc/aLg2ypZm5+LOUx07Vma0WEFXPHtEbjVX3tWYuIhfTSAOQBXc3fZe\nBYqECQvf+fR2XUT3MmFXIl8jXqOVP7VrCUHAZ3S5zsljlPV7W84sLAedPvq9anT6\nYNPp2FzYmlR4MTUlWrWzIXBQ0xd/A0WxYg7MmC95gKbeUNDVrjhhNHiQBlGAZ951\n0p8NqBJpkOsLMmCRH1c7ziO3LXM2qBCy4qjMDGpu4bCVmi+3+OXvmOfuIsTtuhDB\nOYM6xThlYXeFGa3ROvQSP6oymW+vICnWYuK7c9V+7h8nvZcGANTiUVTEv6KZwoTM\n3KrOoOzNg7XI6xZxZ25Cp039P2lM31hhJTwPGRMOIJDfrihhrlbi/vHmzed3gZMc\nq1GqiFDdm42GBi5hgBV8MOszf3ilZBT8bxOZu/sxWxwbEdmc+l8HUvCqXfVx/V0I\nxPSui7VWCMCSa89DNhcb1rI0IOKu5oYUG668kbJIViyebuOJMVbd6FYjD4gakIr3\n7Ea4KS356YCSg1fPlx16sq63jk3TkS5GhFUsE9ASNvHAEjCYui6bbVt4Z5kghMsS\nn11DxTW7Tok+UwTr0QXSeXZCp0q8k/gWhX2LSGcDNvFR2D/rg5uaiSwHY55X1VWZ\n9OvKd9LKskrz3UGoKqrQuS+p4aXqbwIDAQABAoICADA8o4LUYmDWtkZ6qQhREHLT\nKxHYzyNF++NWOrFI5xHj72HgMLnDlysfpVz1t8pfRTB8GctNQesalFieuhQMlOlF\npTkdy/m57cQAUPcBAc4BCDAmZayrBxPWa/968aIiqXeii67f+r5/TK77r52GK6UM\nNF7+YNIqdnfu5AJoZJPPFDTmVOJE9BDuxukOIs7ialPLU34QBCXEpzk6sP9xwfOy\nxmxF+wirkwiUj7KNB5VlS5dqxyLxU/hlquQNjJdAtqYevEH/y0V3x8hbExpVPMH4\nI7GEEByFFwHEcb7jI+eMpnCp67kWT0OfV5EFk6m7SRlAkhzoJMrRxyOjDKWJhwCe\ndlV9JIbLodJr3ZrWO7O0tfI5xT9YmUPWIR/svRoM//R4Gw5ZnlEZ849GW/pD9VMD\nihM8hNvbI3QZFXehnuTf05+ErC3HqVrNfgsll1F+u8GxjsTCfM0AnjlLqrtPAvi0\nu5Bt/SqaK4T0KPIRWOU0uR/UMqV04lTVW4y1Nex2tmjVjuHgfDmXAhl3Mr53XGcf\nNlCsYRPxmPkO3227a3Yg35Ay3QMcBIIONbROB/2kFB2K0h4tXu5OSWxmLGQ4UEry\nXUi/Bg7j0yJ44v2P2xj0f93ol58E+p4o7EGhFqQ0J9eu2LDY+EBgQO6NNJVSQ9/G\n2m0BfDLnPXas+fn/+RwBAoIBAQDgqQiHHxzXtW+UakSo34OALBke8XZe4QQiWmgi\nGAELy2qRypiJBroG758aU7be1qayOLoHctdZ72c0ajK+1fE99awaXSDSb9+0/vb1\nfdJUC0hE8JLLt7JUH5qirJ8jg0p3r3K/gxGe08pp8Og06FJVW/ShAqsx+AAcn+xB\niFmkWJ6spKq/6LAs0qPpshrCQfbeyWowT6vC5xxLJiutd8ohKePB+YhFfAqj1BSn\n9NVUZ74OpX+VBAzOUwjgPZKBCKZKnFZQWUwWznUdt4G+cD9ObuPg4qq/aDntoodG\nRnQ4I7PwKdtmg51T387aRdZyX9+lUJs8MWmudMVaqRdW5r9/AoIBAQDmNUJtfMNI\nYfPU2jAmIwO8uYR+1wMJXhKkFivvDrIjbZsbwR0+Y3GyDiMY7CRZpdBrNg9rwOZJ\nwl1J0/f/nNa41HYmc68Ik6enzSnPXHYArcjIoHJhh0+rrIP1t3SMWKjB8ibYkv1h\ngJV8wbfcF9VG2jZLxt7+OdyEJQF6RSut7YB6IJiEh25DVR0mgOPpXJfK42WII+GP\na5fc7JgA4cpp51AieBLn2yDruaL6QubMnocBysP0qISTh06YgF+FR7pnQlHSQ71n\n/ay8gaiE+1OomSAudhs5hlNv4K4U+vMxGG1LQpHJIJiZhUG2FOXGNvEoS7Cln+C4\nJdl228qoRk0RAoIBAQCX3610KwREjtMvceeYggFT1Hvm/zUWTueMkbFz2uZaItmY\nVW1otLNtnO/hzFYDrvhh4xdfkbMjiUQrmt9TQy4ixMHj0LEvkZGZugMZUkWtqzLf\n6AJU1YoodHUFI80xJMBiyKi57tEqneJoXAOeQK/oJJHrhvJUhWMN9s6wPozbHU2n\nSGpl8dendX55rX2JdS5+zYqLvlBPIg1ugA9m5WQvpzHhH9+PmZtXxTdxk4Hj3X4O\nSLNG+cXudRO7A+TWdhJ0vdtb1gIqKMfjnvqG0zr4ut4yWQk0/DCtBQKN73MBwKET\n6jf3xWHGIbakuDGQgF+gUi2fM4hN94KzFzw/8x3hAoIBAQCHbg+9T6em/pEuyImI\n9hJtxYowAJf1u9UlmTGResjL1OBqTIrCuEgb4vs83zdnUggx+mTKFHqmK+Ur2LrO\nMtuTctJrPqVbW1pHeog9SHzXW2WCuflwbOUu7tfXB21WX5YwOyAlSxwrbzUCZwie\nP5smCpvkqoNndmzHhOnAn87ZjJ6HuoNffDke/YSfsTXjhKh8IJkLpWg+MqLtwnaO\nFkc5VG6tSIx+wEg2xUgfCJq1CBIOuNXdKgKMtA5F40fOpesAcmCmXVmhQviLEZAt\nY5nM1wC6tJrBlceiSsC+8P9/A4rQusH/W+DKeD23O8YNfScUeKrcVRkj3Ih5x0YL\nBwixAoIBAE3W2yf++U+pBkzoLpGP4G3C5hdASEAXz1hw8V4j8GCj9IqozoajHOKF\nM/EwUtFnPJQzwMqNI1SQbTKugO3igC2aDpz6+7qXft9ek5Ff3zj0RAP2jvrd27ne\nA9WyyZDcZM2QnVVwJYsFB8Cw8YNnLdZzQE6e3ihSDT9C55M4T1HUaLtXI4ISnoSx\nJvdZ03NOwUKz0Plwyhy/tVF8DBdg8wrrYpEBJ/wWLJbn0kmSbpJrEgaO4qW7xt5N\n/vGRKCk0aksxfjc9zMZbD5yJUTgRuVJmVhw23NP1guZNZgsjs4Kg0+QEiTVOroPa\nWXpo46dGmYwKt5G4Aa1yQQam+Nw+al0=\n-----END PRIVATE KEY-----\n",
            "public_key_fingerprint_md5": "da:b8:4e:f2:34:64:d2:6c:63:ea:c0:86:5f:6b:9e:ae",
            "public_key_fingerprint_sha256": "SHA256:4cjrynGaAbE0NRdFWzgYvbD6FDDI6om8tI2N8uviBB0",
            "public_key_openssh": "ssh-rsa AAAAB3NzaC1yc2EAAAADAQABAAACAQDKBprz05YSu8wgNi0SOf34NNc/aLg2ypZm5+LOUx07Vma0WEFXPHtEbjVX3tWYuIhfTSAOQBXc3fZeBYqECQvf+fR2XUT3MmFXIl8jXqOVP7VrCUHAZ3S5zsljlPV7W84sLAedPvq9anT6YNPp2FzYmlR4MTUlWrWzIXBQ0xd/A0WxYg7MmC95gKbeUNDVrjhhNHiQBlGAZ9510p8NqBJpkOsLMmCRH1c7ziO3LXM2qBCy4qjMDGpu4bCVmi+3+OXvmOfuIsTtuhDBOYM6xThlYXeFGa3ROvQSP6oymW+vICnWYuK7c9V+7h8nvZcGANTiUVTEv6KZwoTM3KrOoOzNg7XI6xZxZ25Cp039P2lM31hhJTwPGRMOIJDfrihhrlbi/vHmzed3gZMcq1GqiFDdm42GBi5hgBV8MOszf3ilZBT8bxOZu/sxWxwbEdmc+l8HUvCqXfVx/V0IxPSui7VWCMCSa89DNhcb1rI0IOKu5oYUG668kbJIViyebuOJMVbd6FYjD4gakIr37Ea4KS356YCSg1fPlx16sq63jk3TkS5GhFUsE9ASNvHAEjCYui6bbVt4Z5kghMsSn11DxTW7Tok+UwTr0QXSeXZCp0q8k/gWhX2LSGcDNvFR2D/rg5uaiSwHY55X1VWZ9OvKd9LKskrz3UGoKqrQuS+p4aXqbw==\n",
            "public_key_pem": "-----BEGIN PUBLIC KEY-----\nMIICIjANBgkqhkiG9w0BAQEFAAOCAg8AMIICCgKCAgEAygaa89OWErvMIDYtEjn9\n+DTXP2i4NsqWZufizlMdO1ZmtFhBVzx7RG41V97VmLiIX00gDkAV3N32XgWKhAkL\n3/n0dl1E9zJhVyJfI16jlT+1awlBwGd0uc7JY5T1e1vOLCwHnT76vWp0+mDT6dhc\n2JpUeDE1JVq1syFwUNMXfwNFsWIOzJgveYCm3lDQ1a44YTR4kAZRgGfeddKfDagS\naZDrCzJgkR9XO84jty1zNqgQsuKozAxqbuGwlZovt/jl75jn7iLE7boQwTmDOsU4\nZWF3hRmt0Tr0Ej+qMplvryAp1mLiu3PVfu4fJ72XBgDU4lFUxL+imcKEzNyqzqDs\nzYO1yOsWcWduQqdN/T9pTN9YYSU8DxkTDiCQ364oYa5W4v7x5s3nd4GTHKtRqohQ\n3ZuNhgYuYYAVfDDrM394pWQU/G8Tmbv7MVscGxHZnPpfB1Lwql31cf1dCMT0rou1\nVgjAkmvPQzYXG9ayNCDiruaGFBuuvJGySFYsnm7jiTFW3ehWIw+IGpCK9+xGuCkt\n+emAkoNXz5cderKut45N05EuRoRVLBPQEjbxwBIwmLoum21beGeZIITLEp9dQ8U1\nu06JPlME69EF0nl2QqdKvJP4FoV9i0hnAzbxUdg/64ObmoksB2OeV9VVmfTrynfS\nyrJK891BqCqq0LkvqeGl6m8CAwEAAQ==\n-----END PUBLIC KEY-----\n",
            "rsa_bits": 4096
          },
          "sensitive_attributes": [
            [
              {
                "type": "get_attr",
                "value": "private_key_openssh"
              }
            ],
            [
              {
                "type": "get_attr",
                "value": "private_key_pem"
              }
            ],
            [
              {
                "type": "get_attr",
                "value": "private_key_pem_pkcs8"
              }
            ]
          ],
          "identity_schema_version": 0
        }
      ]
    }
  ],
  "check_results": null
}
